
Microsoft Visual Studio Solution File, Format Version 12.00
# Visual Studio Version 17
VisualStudioVersion = 17.1.32328.378
MinimumVisualStudioVersion = 10.0.40219.1
Project("{9A19103F-16F7-4668-BE54-9A1E7A4F7556}") = "Lab_1", "Lab_1\Lab_1.csproj", "{D76379B9-E1C8-45DB-99B8-98C7029A3B15}"
EndProject
Project("{9A19103F-16F7-4668-BE54-9A1E7A4F7556}") = "Lab_2", "Lab_2\Lab_2.csproj", "{6C1AA0D9-C83F-4D88-9703-7585EBBA93D8}"
EndProject
Project("{9A19103F-16F7-4668-BE54-9A1E7A4F7556}") = "Lab_3", "Lab_3\Lab_3.csproj", "{7EB38F5F-66CF-45B4-91FA-A383D8E8E611}"
EndProject
Project("{9A19103F-16F7-4668-BE54-9A1E7A4F7556}") = "Lab_5", "Lab_5\Lab_5.csproj", "{943DDD97-5A49-463A-9FAD-1A80EBC6DF48}"
EndProject
Project("{9A19103F-16F7-4668-BE54-9A1E7A4F7556}") = "Lab_6", "Lab_6\Lab_6.csproj", "{BCAB8768-2B1E-45C6-BB82-B5FB54A28F03}"
EndProject
Project("{9A19103F-16F7-4668-BE54-9A1E7A4F7556}") = "Lab_8", "Lab_8\Lab_8.csproj", "{EF8AA23F-BE47-4F2A-BFF7-B5710F60BA2E}"
EndProject
Project("{FAE04EC0-301F-11D3-BF4B-00C04F79EFBC}") = "NaukaLab2", "NaukaLab2\NaukaLab2.csproj", "{5AAF845E-4E1D-464E-926B-54EBC68912C2}"
EndProject
Project("{FAE04EC0-301F-11D3-BF4B-00C04F79EFBC}") = "NaukaLabb2", "NaukaLabb2\NaukaLabb2.csproj", "{595C8A93-43E7-4ABA-A239-CD04F49D6FD7}"
EndProject
Project("{FAE04EC0-301F-11D3-BF4B-00C04F79EFBC}") = "Lab1Nauka", "Lab1Nauka\Lab1Nauka.csproj", "{0FE3879E-4765-40F8-8EFF-87BDA6530B67}"
EndProject
Global
	GlobalSection(SolutionConfigurationPlatforms) = preSolution
		Debug|Any CPU = Debug|Any CPU
		Release|Any CPU = Release|Any CPU
	EndGlobalSection
	GlobalSection(ProjectConfigurationPlatforms) = postSolution
		{D76379B9-E1C8-45DB-99B8-98C7029A3B15}.Debug|Any CPU.ActiveCfg = Debug|Any CPU
		{D76379B9-E1C8-45DB-99B8-98C7029A3B15}.Debug|Any CPU.Build.0 = Debug|Any CPU
		{D76379B9-E1C8-45DB-99B8-98C7029A3B15}.Release|Any CPU.ActiveCfg = Release|Any CPU
		{D76379B9-E1C8-45DB-99B8-98C7029A3B15}.Release|Any CPU.Build.0 = Release|Any CPU
		{6C1AA0D9-C83F-4D88-9703-7585EBBA93D8}.Debug|Any CPU.ActiveCfg = Debug|Any CPU
		{6C1AA0D9-C83F-4D88-9703-7585EBBA93D8}.Debug|Any CPU.Build.0 = Debug|Any CPU
		{6C1AA0D9-C83F-4D88-9703-7585EBBA93D8}.Release|Any CPU.ActiveCfg = Release|Any CPU
		{6C1AA0D9-C83F-4D88-9703-7585EBBA93D8}.Release|Any CPU.Build.0 = Release|Any CPU
		{7EB38F5F-66CF-45B4-91FA-A383D8E8E611}.Debug|Any CPU.ActiveCfg = Debug|Any CPU
		{7EB38F5F-66CF-45B4-91FA-A383D8E8E611}.Debug|Any CPU.Build.0 = Debug|Any CPU
		{7EB38F5F-66CF-45B4-91FA-A383D8E8E611}.Release|Any CPU.ActiveCfg = Release|Any CPU
		{7EB38F5F-66CF-45B4-91FA-A383D8E8E611}.Release|Any CPU.Build.0 = Release|Any CPU
		{943DDD97-5A49-463A-9FAD-1A80EBC6DF48}.Debug|Any CPU.ActiveCfg = Debug|Any CPU
		{943DDD97-5A49-463A-9FAD-1A80EBC6DF48}.Debug|Any CPU.Build.0 = Debug|Any CPU
		{943DDD97-5A49-463A-9FAD-1A80EBC6DF48}.Release|Any CPU.ActiveCfg = Release|Any CPU
		{943DDD97-5A49-463A-9FAD-1A80EBC6DF48}.Release|Any CPU.Build.0 = Release|Any CPU
		{BCAB8768-2B1E-45C6-BB82-B5FB54A28F03}.Debug|Any CPU.ActiveCfg = Debug|Any CPU
		{BCAB8768-2B1E-45C6-BB82-B5FB54A28F03}.Debug|Any CPU.Build.0 = Debug|Any CPU
		{BCAB8768-2B1E-45C6-BB82-B5FB54A28F03}.Release|Any CPU.ActiveCfg = Release|Any CPU
		{BCAB8768-2B1E-45C6-BB82-B5FB54A28F03}.Release|Any CPU.Build.0 = Release|Any CPU
		{EF8AA23F-BE47-4F2A-BFF7-B5710F60BA2E}.Debug|Any CPU.ActiveCfg = Debug|Any CPU
		{EF8AA23F-BE47-4F2A-BFF7-B5710F60BA2E}.Debug|Any CPU.Build.0 = Debug|Any CPU
		{EF8AA23F-BE47-4F2A-BFF7-B5710F60BA2E}.Release|Any CPU.ActiveCfg = Release|Any CPU
		{EF8AA23F-BE47-4F2A-BFF7-B5710F60BA2E}.Release|Any CPU.Build.0 = Release|Any CPU
		{5AAF845E-4E1D-464E-926B-54EBC68912C2}.Debug|Any CPU.ActiveCfg = Debug|Any CPU
		{5AAF845E-4E1D-464E-926B-54EBC68912C2}.Debug|Any CPU.Build.0 = Debug|Any CPU
		{5AAF845E-4E1D-464E-926B-54EBC68912C2}.Release|Any CPU.ActiveCfg = Release|Any CPU
		{5AAF845E-4E1D-464E-926B-54EBC68912C2}.Release|Any CPU.Build.0 = Release|Any CPU
		{595C8A93-43E7-4ABA-A239-CD04F49D6FD7}.Debug|Any CPU.ActiveCfg = Debug|Any CPU
		{595C8A93-43E7-4ABA-A239-CD04F49D6FD7}.Debug|Any CPU.Build.0 = Debug|Any CPU
		{595C8A93-43E7-4ABA-A239-CD04F49D6FD7}.Release|Any CPU.ActiveCfg = Release|Any CPU
		{595C8A93-43E7-4ABA-A239-CD04F49D6FD7}.Release|Any CPU.Build.0 = Release|Any CPU
		{0FE3879E-4765-40F8-8EFF-87BDA6530B67}.Debug|Any CPU.ActiveCfg = Debug|Any CPU
		{0FE3879E-4765-40F8-8EFF-87BDA6530B67}.Debug|Any CPU.Build.0 = Debug|Any CPU
		{0FE3879E-4765-40F8-8EFF-87BDA6530B67}.Release|Any CPU.ActiveCfg = Release|Any CPU
		{0FE3879E-4765-40F8-8EFF-87BDA6530B67}.Release|Any CPU.Build.0 = Release|Any CPU
	EndGlobalSection
	GlobalSection(SolutionProperties) = preSolution
		HideSolutionNode = FALSE
	EndGlobalSection
	GlobalSection(ExtensibilityGlobals) = postSolution
		SolutionGuid = {31DA9FFA-2909-4864-B213-24B4B0999882}
	EndGlobalSection
EndGlobal
